
Microsoft Visual Studio Solution File, Format Version 12.00
# Visual Studio 15
VisualStudioVersion = 15.0.27428.2011
MinimumVisualStudioVersion = 10.0.40219.1
Project("{FAE04EC0-301F-11D3-BF4B-00C04F79EFBC}") = "DependencyPropertyGenerator", "DependencyPropertyGenerator.csproj", "{CEAA23DA-0353-4E0B-8125-8759DD4EAAD3}"
EndProject
Global
	GlobalSection(SolutionConfigurationPlatforms) = preSolution
		Debug|Any CPU = Debug|Any CPU
		Release|Any CPU = Release|Any CPU
	EndGlobalSection
	GlobalSection(ProjectConfigurationPlatforms) = postSolution
		{CEAA23DA-0353-4E0B-8125-8759DD4EAAD3}.Debug|Any CPU.ActiveCfg = Debug|Any CPU
		{CEAA23DA-0353-4E0B-8125-8759DD4EAAD3}.Debug|Any CPU.Build.0 = Debug|Any CPU
		{CEAA23DA-0353-4E0B-8125-8759DD4EAAD3}.Release|Any CPU.ActiveCfg = Release|Any CPU
		{CEAA23DA-0353-4E0B-8125-8759DD4EAAD3}.Release|Any CPU.Build.0 = Release|Any CPU
	EndGlobalSection
	GlobalSection(SolutionProperties) = preSolution
		HideSolutionNode = FALSE
	EndGlobalSection
	GlobalSection(ExtensibilityGlobals) = postSolution
		SolutionGuid = {A38CFF8A-8FF9-4CCE-8854-C056244DB71A}
	EndGlobalSection
EndGlobal
